{
  "name": "desole",
  "version": "1.0.0",
  "lockfileVersion": 1,
  "requires": true,
  "dependencies": {
    "@desole/client": {
      "version": "0.0.1",
      "resolved": "https://registry.npmjs.org/@desole/client/-/client-0.0.1.tgz",
      "integrity": "sha512-7EuuVwt2Ps0W4Gsk10CC5AwjIZ4JjsCHn8HnQBMY/SjkYNMRRP5qZDqWHCM1p8Qjed6s73XJC9buXYkTtNlANw=="
    }
  }
}
