{
  "name": "desole",
  "version": "1.0.0",
  "lockfileVersion": 1,
  "requires": true,
  "dependencies": {
    "@desole/client": {
      "version": "1.0.0",
      "resolved": "https://registry.npmjs.org/@desole/client/-/client-1.0.0.tgz",
      "integrity": "sha512-JXhecWatvWrZ89xwncwwxiHwkAIypTKRsJ3CVbLVQZ+CJHNrW7uEB430agA2G9C+G8b7nycgPZXr+euAe8tfGg=="
    }
  }
}
